{
  "name": "io-ts-leaning",
  "version": "1.0.0",
  "lockfileVersion": 2,
  "requires": true,
  "packages": {
    "": {
      "name": "io-ts-leaning",
      "version": "1.0.0",
      "license": "ISC",
      "dependencies": {
        "fp-ts": "^2.11.7",
        "io-ts": "^2.2.16",
        "io-ts-extra": "^0.11.6"
      }
    },
    "node_modules/fp-ts": {
      "version": "2.11.7",
      "resolved": "https://registry.npmjs.org/fp-ts/-/fp-ts-2.11.7.tgz",
      "integrity": "sha512-UUpeygu50mV/J96Nk92fzHDznYXJxsO20wrUZGJppja1f8P+fhCaclcqcfubEyrH7XXPsmYn98CJF0BVAEn3ZQ=="
    },
    "node_modules/io-ts": {
      "version": "2.2.16",
      "resolved": "https://registry.npmjs.org/io-ts/-/io-ts-2.2.16.tgz",
      "integrity": "sha512-y5TTSa6VP6le0hhmIyN0dqEXkrZeJLeC5KApJq6VLci3UEKF80lZ+KuoUs02RhBxNWlrqSNxzfI7otLX1Euv8Q==",
      "peerDependencies": {
        "fp-ts": "^2.5.0"
      }
    },
    "node_modules/io-ts-extra": {
      "version": "0.11.6",
      "resolved": "https://registry.npmjs.org/io-ts-extra/-/io-ts-extra-0.11.6.tgz",
      "integrity": "sha512-rTsvx3W5B2nx7p/eGf+OsEaBTmjSjLzxBDEiweCjwqIL9ZN6CZjG7hFK8zyGJyM0I2uCsRU4uYUhaTgg2SKHkQ==",
      "dependencies": {
        "fp-ts": "^2.1.0",
        "io-ts": "^2.2.4"
      }
    }
  },
  "dependencies": {
    "fp-ts": {
      "version": "2.11.7",
      "resolved": "https://registry.npmjs.org/fp-ts/-/fp-ts-2.11.7.tgz",
      "integrity": "sha512-UUpeygu50mV/J96Nk92fzHDznYXJxsO20wrUZGJppja1f8P+fhCaclcqcfubEyrH7XXPsmYn98CJF0BVAEn3ZQ=="
    },
    "io-ts": {
      "version": "2.2.16",
      "resolved": "https://registry.npmjs.org/io-ts/-/io-ts-2.2.16.tgz",
      "integrity": "sha512-y5TTSa6VP6le0hhmIyN0dqEXkrZeJLeC5KApJq6VLci3UEKF80lZ+KuoUs02RhBxNWlrqSNxzfI7otLX1Euv8Q==",
      "requires": {}
    },
    "io-ts-extra": {
      "version": "0.11.6",
      "resolved": "https://registry.npmjs.org/io-ts-extra/-/io-ts-extra-0.11.6.tgz",
      "integrity": "sha512-rTsvx3W5B2nx7p/eGf+OsEaBTmjSjLzxBDEiweCjwqIL9ZN6CZjG7hFK8zyGJyM0I2uCsRU4uYUhaTgg2SKHkQ==",
      "requires": {
        "fp-ts": "^2.1.0",
        "io-ts": "^2.2.4"
      }
    }
  }
}
